
Microsoft Visual Studio Solution File, Format Version 12.00
# Visual Studio Version 17
VisualStudioVersion = 17.0.31903.59
MinimumVisualStudioVersion = 10.0.40219.1
Project("{2150E333-8FDC-42A3-9474-1A3956D46DE8}") = "src", "src", "{827E0CD3-B72D-47B6-A68D-7590B98EB39B}"
EndProject
Project("{FAE04EC0-301F-11D3-BF4B-00C04F79EFBC}") = "PhanMemKeToan.Domain", "src\PhanMemKeToan.Domain\PhanMemKeToan.Domain.csproj", "{70DCB05E-56EC-4B2A-8A83-33F9F59E6C74}"
EndProject
Project("{FAE04EC0-301F-11D3-BF4B-00C04F79EFBC}") = "PhanMemKeToan.Application", "src\PhanMemKeToan.Application\PhanMemKeToan.Application.csproj", "{963599F5-1E0D-40B5-9055-A6C5A2BB7203}"
EndProject
Project("{FAE04EC0-301F-11D3-BF4B-00C04F79EFBC}") = "PhanMemKeToan.Infrastructure", "src\PhanMemKeToan.Infrastructure\PhanMemKeToan.Infrastructure.csproj", "{AD0F37CA-E3D1-4FCA-B144-2EF632E1B4A5}"
EndProject
Project("{FAE04EC0-301F-11D3-BF4B-00C04F79EFBC}") = "PhanMemKeToan.Api", "src\PhanMemKeToan.Api\PhanMemKeToan.Api.csproj", "{A28EE0F2-3AE2-48A6-A28F-1C94B1900E6D}"
EndProject
Project("{2150E333-8FDC-42A3-9474-1A3956D46DE8}") = "tests", "tests", "{0AB3BF05-4346-4AA6-1389-037BE0695223}"
EndProject
Project("{FAE04EC0-301F-11D3-BF4B-00C04F79EFBC}") = "PhanMemKeToan.Domain.Tests", "tests\PhanMemKeToan.Domain.Tests\PhanMemKeToan.Domain.Tests.csproj", "{7D8C9ED9-3462-4F1D-AD95-D1D98E03F89B}"
EndProject
Project("{FAE04EC0-301F-11D3-BF4B-00C04F79EFBC}") = "PhanMemKeToan.Application.Tests", "tests\PhanMemKeToan.Application.Tests\PhanMemKeToan.Application.Tests.csproj", "{E07813A7-4488-40ED-8FD1-DABA35C43DEC}"
EndProject
Project("{FAE04EC0-301F-11D3-BF4B-00C04F79EFBC}") = "PhanMemKeToan.Infrastructure.Tests", "tests\PhanMemKeToan.Infrastructure.Tests\PhanMemKeToan.Infrastructure.Tests.csproj", "{303B80E2-D1EF-4426-BD99-FB8953BA555C}"
EndProject
Project("{FAE04EC0-301F-11D3-BF4B-00C04F79EFBC}") = "PhanMemKeToan.Api.Tests", "tests\PhanMemKeToan.Api.Tests\PhanMemKeToan.Api.Tests.csproj", "{4D8CC2EB-3D5E-44E3-9F7E-C129F00A6C12}"
EndProject
Global
	GlobalSection(SolutionConfigurationPlatforms) = preSolution
		Debug|Any CPU = Debug|Any CPU
		Debug|x64 = Debug|x64
		Debug|x86 = Debug|x86
		Release|Any CPU = Release|Any CPU
		Release|x64 = Release|x64
		Release|x86 = Release|x86
	EndGlobalSection
	GlobalSection(ProjectConfigurationPlatforms) = postSolution
		{70DCB05E-56EC-4B2A-8A83-33F9F59E6C74}.Debug|Any CPU.ActiveCfg = Debug|Any CPU
		{70DCB05E-56EC-4B2A-8A83-33F9F59E6C74}.Debug|Any CPU.Build.0 = Debug|Any CPU
		{70DCB05E-56EC-4B2A-8A83-33F9F59E6C74}.Debug|x64.ActiveCfg = Debug|Any CPU
		{70DCB05E-56EC-4B2A-8A83-33F9F59E6C74}.Debug|x64.Build.0 = Debug|Any CPU
		{70DCB05E-56EC-4B2A-8A83-33F9F59E6C74}.Debug|x86.ActiveCfg = Debug|Any CPU
		{70DCB05E-56EC-4B2A-8A83-33F9F59E6C74}.Debug|x86.Build.0 = Debug|Any CPU
		{70DCB05E-56EC-4B2A-8A83-33F9F59E6C74}.Release|Any CPU.ActiveCfg = Release|Any CPU
		{70DCB05E-56EC-4B2A-8A83-33F9F59E6C74}.Release|Any CPU.Build.0 = Release|Any CPU
		{70DCB05E-56EC-4B2A-8A83-33F9F59E6C74}.Release|x64.ActiveCfg = Release|Any CPU
		{70DCB05E-56EC-4B2A-8A83-33F9F59E6C74}.Release|x64.Build.0 = Release|Any CPU
		{70DCB05E-56EC-4B2A-8A83-33F9F59E6C74}.Release|x86.ActiveCfg = Release|Any CPU
		{70DCB05E-56EC-4B2A-8A83-33F9F59E6C74}.Release|x86.Build.0 = Release|Any CPU
		{963599F5-1E0D-40B5-9055-A6C5A2BB7203}.Debug|Any CPU.ActiveCfg = Debug|Any CPU
		{963599F5-1E0D-40B5-9055-A6C5A2BB7203}.Debug|Any CPU.Build.0 = Debug|Any CPU
		{963599F5-1E0D-40B5-9055-A6C5A2BB7203}.Debug|x64.ActiveCfg = Debug|Any CPU
		{963599F5-1E0D-40B5-9055-A6C5A2BB7203}.Debug|x64.Build.0 = Debug|Any CPU
		{963599F5-1E0D-40B5-9055-A6C5A2BB7203}.Debug|x86.ActiveCfg = Debug|Any CPU
		{963599F5-1E0D-40B5-9055-A6C5A2BB7203}.Debug|x86.Build.0 = Debug|Any CPU
		{963599F5-1E0D-40B5-9055-A6C5A2BB7203}.Release|Any CPU.ActiveCfg = Release|Any CPU
		{963599F5-1E0D-40B5-9055-A6C5A2BB7203}.Release|Any CPU.Build.0 = Release|Any CPU
		{963599F5-1E0D-40B5-9055-A6C5A2BB7203}.Release|x64.ActiveCfg = Release|Any CPU
		{963599F5-1E0D-40B5-9055-A6C5A2BB7203}.Release|x64.Build.0 = Release|Any CPU
		{963599F5-1E0D-40B5-9055-A6C5A2BB7203}.Release|x86.ActiveCfg = Release|Any CPU
		{963599F5-1E0D-40B5-9055-A6C5A2BB7203}.Release|x86.Build.0 = Release|Any CPU
		{AD0F37CA-E3D1-4FCA-B144-2EF632E1B4A5}.Debug|Any CPU.ActiveCfg = Debug|Any CPU
		{AD0F37CA-E3D1-4FCA-B144-2EF632E1B4A5}.Debug|Any CPU.Build.0 = Debug|Any CPU
		{AD0F37CA-E3D1-4FCA-B144-2EF632E1B4A5}.Debug|x64.ActiveCfg = Debug|Any CPU
		{AD0F37CA-E3D1-4FCA-B144-2EF632E1B4A5}.Debug|x64.Build.0 = Debug|Any CPU
		{AD0F37CA-E3D1-4FCA-B144-2EF632E1B4A5}.Debug|x86.ActiveCfg = Debug|Any CPU
		{AD0F37CA-E3D1-4FCA-B144-2EF632E1B4A5}.Debug|x86.Build.0 = Debug|Any CPU
		{AD0F37CA-E3D1-4FCA-B144-2EF632E1B4A5}.Release|Any CPU.ActiveCfg = Release|Any CPU
		{AD0F37CA-E3D1-4FCA-B144-2EF632E1B4A5}.Release|Any CPU.Build.0 = Release|Any CPU
		{AD0F37CA-E3D1-4FCA-B144-2EF632E1B4A5}.Release|x64.ActiveCfg = Release|Any CPU
		{AD0F37CA-E3D1-4FCA-B144-2EF632E1B4A5}.Release|x64.Build.0 = Release|Any CPU
		{AD0F37CA-E3D1-4FCA-B144-2EF632E1B4A5}.Release|x86.ActiveCfg = Release|Any CPU
		{AD0F37CA-E3D1-4FCA-B144-2EF632E1B4A5}.Release|x86.Build.0 = Release|Any CPU
		{A28EE0F2-3AE2-48A6-A28F-1C94B1900E6D}.Debug|Any CPU.ActiveCfg = Debug|Any CPU
		{A28EE0F2-3AE2-48A6-A28F-1C94B1900E6D}.Debug|Any CPU.Build.0 = Debug|Any CPU
		{A28EE0F2-3AE2-48A6-A28F-1C94B1900E6D}.Debug|x64.ActiveCfg = Debug|Any CPU
		{A28EE0F2-3AE2-48A6-A28F-1C94B1900E6D}.Debug|x64.Build.0 = Debug|Any CPU
		{A28EE0F2-3AE2-48A6-A28F-1C94B1900E6D}.Debug|x86.ActiveCfg = Debug|Any CPU
		{A28EE0F2-3AE2-48A6-A28F-1C94B1900E6D}.Debug|x86.Build.0 = Debug|Any CPU
		{A28EE0F2-3AE2-48A6-A28F-1C94B1900E6D}.Release|Any CPU.ActiveCfg = Release|Any CPU
		{A28EE0F2-3AE2-48A6-A28F-1C94B1900E6D}.Release|Any CPU.Build.0 = Release|Any CPU
		{A28EE0F2-3AE2-48A6-A28F-1C94B1900E6D}.Release|x64.ActiveCfg = Release|Any CPU
		{A28EE0F2-3AE2-48A6-A28F-1C94B1900E6D}.Release|x64.Build.0 = Release|Any CPU
		{A28EE0F2-3AE2-48A6-A28F-1C94B1900E6D}.Release|x86.ActiveCfg = Release|Any CPU
		{A28EE0F2-3AE2-48A6-A28F-1C94B1900E6D}.Release|x86.Build.0 = Release|Any CPU
		{7D8C9ED9-3462-4F1D-AD95-D1D98E03F89B}.Debug|Any CPU.ActiveCfg = Debug|Any CPU
		{7D8C9ED9-3462-4F1D-AD95-D1D98E03F89B}.Debug|Any CPU.Build.0 = Debug|Any CPU
		{7D8C9ED9-3462-4F1D-AD95-D1D98E03F89B}.Debug|x64.ActiveCfg = Debug|Any CPU
		{7D8C9ED9-3462-4F1D-AD95-D1D98E03F89B}.Debug|x64.Build.0 = Debug|Any CPU
		{7D8C9ED9-3462-4F1D-AD95-D1D98E03F89B}.Debug|x86.ActiveCfg = Debug|Any CPU
		{7D8C9ED9-3462-4F1D-AD95-D1D98E03F89B}.Debug|x86.Build.0 = Debug|Any CPU
		{7D8C9ED9-3462-4F1D-AD95-D1D98E03F89B}.Release|Any CPU.ActiveCfg = Release|Any CPU
		{7D8C9ED9-3462-4F1D-AD95-D1D98E03F89B}.Release|Any CPU.Build.0 = Release|Any CPU
		{7D8C9ED9-3462-4F1D-AD95-D1D98E03F89B}.Release|x64.ActiveCfg = Release|Any CPU
		{7D8C9ED9-3462-4F1D-AD95-D1D98E03F89B}.Release|x64.Build.0 = Release|Any CPU
		{7D8C9ED9-3462-4F1D-AD95-D1D98E03F89B}.Release|x86.ActiveCfg = Release|Any CPU
		{7D8C9ED9-3462-4F1D-AD95-D1D98E03F89B}.Release|x86.Build.0 = Release|Any CPU
		{E07813A7-4488-40ED-8FD1-DABA35C43DEC}.Debug|Any CPU.ActiveCfg = Debug|Any CPU
		{E07813A7-4488-40ED-8FD1-DABA35C43DEC}.Debug|Any CPU.Build.0 = Debug|Any CPU
		{E07813A7-4488-40ED-8FD1-DABA35C43DEC}.Debug|x64.ActiveCfg = Debug|Any CPU
		{E07813A7-4488-40ED-8FD1-DABA35C43DEC}.Debug|x64.Build.0 = Debug|Any CPU
		{E07813A7-4488-40ED-8FD1-DABA35C43DEC}.Debug|x86.ActiveCfg = Debug|Any CPU
		{E07813A7-4488-40ED-8FD1-DABA35C43DEC}.Debug|x86.Build.0 = Debug|Any CPU
		{E07813A7-4488-40ED-8FD1-DABA35C43DEC}.Release|Any CPU.ActiveCfg = Release|Any CPU
		{E07813A7-4488-40ED-8FD1-DABA35C43DEC}.Release|Any CPU.Build.0 = Release|Any CPU
		{E07813A7-4488-40ED-8FD1-DABA35C43DEC}.Release|x64.ActiveCfg = Release|Any CPU
		{E07813A7-4488-40ED-8FD1-DABA35C43DEC}.Release|x64.Build.0 = Release|Any CPU
		{E07813A7-4488-40ED-8FD1-DABA35C43DEC}.Release|x86.ActiveCfg = Release|Any CPU
		{E07813A7-4488-40ED-8FD1-DABA35C43DEC}.Release|x86.Build.0 = Release|Any CPU
		{303B80E2-D1EF-4426-BD99-FB8953BA555C}.Debug|Any CPU.ActiveCfg = Debug|Any CPU
		{303B80E2-D1EF-4426-BD99-FB8953BA555C}.Debug|Any CPU.Build.0 = Debug|Any CPU
		{303B80E2-D1EF-4426-BD99-FB8953BA555C}.Debug|x64.ActiveCfg = Debug|Any CPU
		{303B80E2-D1EF-4426-BD99-FB8953BA555C}.Debug|x64.Build.0 = Debug|Any CPU
		{303B80E2-D1EF-4426-BD99-FB8953BA555C}.Debug|x86.ActiveCfg = Debug|Any CPU
		{303B80E2-D1EF-4426-BD99-FB8953BA555C}.Debug|x86.Build.0 = Debug|Any CPU
		{303B80E2-D1EF-4426-BD99-FB8953BA555C}.Release|Any CPU.ActiveCfg = Release|Any CPU
		{303B80E2-D1EF-4426-BD99-FB8953BA555C}.Release|Any CPU.Build.0 = Release|Any CPU
		{303B80E2-D1EF-4426-BD99-FB8953BA555C}.Release|x64.ActiveCfg = Release|Any CPU
		{303B80E2-D1EF-4426-BD99-FB8953BA555C}.Release|x64.Build.0 = Release|Any CPU
		{303B80E2-D1EF-4426-BD99-FB8953BA555C}.Release|x86.ActiveCfg = Release|Any CPU
		{303B80E2-D1EF-4426-BD99-FB8953BA555C}.Release|x86.Build.0 = Release|Any CPU
		{4D8CC2EB-3D5E-44E3-9F7E-C129F00A6C12}.Debug|Any CPU.ActiveCfg = Debug|Any CPU
		{4D8CC2EB-3D5E-44E3-9F7E-C129F00A6C12}.Debug|Any CPU.Build.0 = Debug|Any CPU
		{4D8CC2EB-3D5E-44E3-9F7E-C129F00A6C12}.Debug|x64.ActiveCfg = Debug|Any CPU
		{4D8CC2EB-3D5E-44E3-9F7E-C129F00A6C12}.Debug|x64.Build.0 = Debug|Any CPU
		{4D8CC2EB-3D5E-44E3-9F7E-C129F00A6C12}.Debug|x86.ActiveCfg = Debug|Any CPU
		{4D8CC2EB-3D5E-44E3-9F7E-C129F00A6C12}.Debug|x86.Build.0 = Debug|Any CPU
		{4D8CC2EB-3D5E-44E3-9F7E-C129F00A6C12}.Release|Any CPU.ActiveCfg = Release|Any CPU
		{4D8CC2EB-3D5E-44E3-9F7E-C129F00A6C12}.Release|Any CPU.Build.0 = Release|Any CPU
		{4D8CC2EB-3D5E-44E3-9F7E-C129F00A6C12}.Release|x64.ActiveCfg = Release|Any CPU
		{4D8CC2EB-3D5E-44E3-9F7E-C129F00A6C12}.Release|x64.Build.0 = Release|Any CPU
		{4D8CC2EB-3D5E-44E3-9F7E-C129F00A6C12}.Release|x86.ActiveCfg = Release|Any CPU
		{4D8CC2EB-3D5E-44E3-9F7E-C129F00A6C12}.Release|x86.Build.0 = Release|Any CPU
	EndGlobalSection
	GlobalSection(SolutionProperties) = preSolution
		HideSolutionNode = FALSE
	EndGlobalSection
	GlobalSection(NestedProjects) = preSolution
		{70DCB05E-56EC-4B2A-8A83-33F9F59E6C74} = {827E0CD3-B72D-47B6-A68D-7590B98EB39B}
		{963599F5-1E0D-40B5-9055-A6C5A2BB7203} = {827E0CD3-B72D-47B6-A68D-7590B98EB39B}
		{AD0F37CA-E3D1-4FCA-B144-2EF632E1B4A5} = {827E0CD3-B72D-47B6-A68D-7590B98EB39B}
		{A28EE0F2-3AE2-48A6-A28F-1C94B1900E6D} = {827E0CD3-B72D-47B6-A68D-7590B98EB39B}
		{7D8C9ED9-3462-4F1D-AD95-D1D98E03F89B} = {0AB3BF05-4346-4AA6-1389-037BE0695223}
		{E07813A7-4488-40ED-8FD1-DABA35C43DEC} = {0AB3BF05-4346-4AA6-1389-037BE0695223}
		{303B80E2-D1EF-4426-BD99-FB8953BA555C} = {0AB3BF05-4346-4AA6-1389-037BE0695223}
		{4D8CC2EB-3D5E-44E3-9F7E-C129F00A6C12} = {0AB3BF05-4346-4AA6-1389-037BE0695223}
	EndGlobalSection
EndGlobal
